
Microsoft Visual Studio Solution File, Format Version 12.00
# Visual Studio Version 17
Project("{8BC9CEB8-8B4A-11D0-8D11-00A0C91BC942}") = "ALL_BUILD", "ALL_BUILD.vcxproj", "{6776C8B8-BE8A-358E-B64D-F2E0E90B8F94}"
	ProjectSection(ProjectDependencies) = postProject
		{F3A2B26B-BB53-3732-BC99-AC52C937B129} = {F3A2B26B-BB53-3732-BC99-AC52C937B129}
		{66A41234-E606-3630-A79C-33D17F12CCDA} = {66A41234-E606-3630-A79C-33D17F12CCDA}
		{2C5965D9-696D-32EB-981B-3BE3D5ACD6F6} = {2C5965D9-696D-32EB-981B-3BE3D5ACD6F6}
		{6F250490-0B61-366F-B059-796241D98942} = {6F250490-0B61-366F-B059-796241D98942}
		{132CC829-EC43-3F24-962C-51D02DB1CFFD} = {132CC829-EC43-3F24-962C-51D02DB1CFFD}
		{FFAF2242-7694-3E8C-808C-25862412C4AC} = {FFAF2242-7694-3E8C-808C-25862412C4AC}
		{4405074F-3304-35E0-AF5B-DF85A054F504} = {4405074F-3304-35E0-AF5B-DF85A054F504}
	EndProjectSection
EndProject
Project("{8BC9CEB8-8B4A-11D0-8D11-00A0C91BC942}") = "ZERO_CHECK", "ZERO_CHECK.vcxproj", "{F3A2B26B-BB53-3732-BC99-AC52C937B129}"
	ProjectSection(ProjectDependencies) = postProject
	EndProjectSection
EndProject
Project("{8BC9CEB8-8B4A-11D0-8D11-00A0C91BC942}") = "binAssemble", "binAssemble.vcxproj", "{CC7FE191-F3B3-3BB2-AECC-5D967594B3BF}"
	ProjectSection(ProjectDependencies) = postProject
		{F3A2B26B-BB53-3732-BC99-AC52C937B129} = {F3A2B26B-BB53-3732-BC99-AC52C937B129}
	EndProjectSection
EndProject
Project("{8BC9CEB8-8B4A-11D0-8D11-00A0C91BC942}") = "keygen_build", "keygen_build.vcxproj", "{C3D39FE6-5F69-39F9-8E93-1428D2B68B6E}"
	ProjectSection(ProjectDependencies) = postProject
		{F3A2B26B-BB53-3732-BC99-AC52C937B129} = {F3A2B26B-BB53-3732-BC99-AC52C937B129}
	EndProjectSection
EndProject
Project("{8BC9CEB8-8B4A-11D0-8D11-00A0C91BC942}") = "keystore", "keystore.vcxproj", "{993BE804-0B85-3E83-A913-BBF7600FB7A0}"
	ProjectSection(ProjectDependencies) = postProject
		{F3A2B26B-BB53-3732-BC99-AC52C937B129} = {F3A2B26B-BB53-3732-BC99-AC52C937B129}
	EndProjectSection
EndProject
Project("{8BC9CEB8-8B4A-11D0-8D11-00A0C91BC942}") = "keytools", "keytools.vcxproj", "{66A41234-E606-3630-A79C-33D17F12CCDA}"
	ProjectSection(ProjectDependencies) = postProject
		{F3A2B26B-BB53-3732-BC99-AC52C937B129} = {F3A2B26B-BB53-3732-BC99-AC52C937B129}
		{C3D39FE6-5F69-39F9-8E93-1428D2B68B6E} = {C3D39FE6-5F69-39F9-8E93-1428D2B68B6E}
	EndProjectSection
EndProject
Project("{8BC9CEB8-8B4A-11D0-8D11-00A0C91BC942}") = "public_key", "public_key.vcxproj", "{2C5965D9-696D-32EB-981B-3BE3D5ACD6F6}"
	ProjectSection(ProjectDependencies) = postProject
		{F3A2B26B-BB53-3732-BC99-AC52C937B129} = {F3A2B26B-BB53-3732-BC99-AC52C937B129}
	EndProjectSection
EndProject
Project("{8BC9CEB8-8B4A-11D0-8D11-00A0C91BC942}") = "sign_host", "sign_host.vcxproj", "{6F250490-0B61-366F-B059-796241D98942}"
	ProjectSection(ProjectDependencies) = postProject
		{F3A2B26B-BB53-3732-BC99-AC52C937B129} = {F3A2B26B-BB53-3732-BC99-AC52C937B129}
		{4405074F-3304-35E0-AF5B-DF85A054F504} = {4405074F-3304-35E0-AF5B-DF85A054F504}
	EndProjectSection
EndProject
Project("{8BC9CEB8-8B4A-11D0-8D11-00A0C91BC942}") = "wolfboot", "wolfboot.vcxproj", "{132CC829-EC43-3F24-962C-51D02DB1CFFD}"
	ProjectSection(ProjectDependencies) = postProject
		{F3A2B26B-BB53-3732-BC99-AC52C937B129} = {F3A2B26B-BB53-3732-BC99-AC52C937B129}
		{FFAF2242-7694-3E8C-808C-25862412C4AC} = {FFAF2242-7694-3E8C-808C-25862412C4AC}
		{4405074F-3304-35E0-AF5B-DF85A054F504} = {4405074F-3304-35E0-AF5B-DF85A054F504}
	EndProjectSection
EndProject
Project("{8BC9CEB8-8B4A-11D0-8D11-00A0C91BC942}") = "wolfboothal", "wolfboothal.vcxproj", "{FFAF2242-7694-3E8C-808C-25862412C4AC}"
	ProjectSection(ProjectDependencies) = postProject
		{F3A2B26B-BB53-3732-BC99-AC52C937B129} = {F3A2B26B-BB53-3732-BC99-AC52C937B129}
	EndProjectSection
EndProject
Project("{8BC9CEB8-8B4A-11D0-8D11-00A0C91BC942}") = "wolfcrypt", "lib\wolfcrypt.vcxproj", "{4405074F-3304-35E0-AF5B-DF85A054F504}"
	ProjectSection(ProjectDependencies) = postProject
		{F3A2B26B-BB53-3732-BC99-AC52C937B129} = {F3A2B26B-BB53-3732-BC99-AC52C937B129}
	EndProjectSection
EndProject
Global
	GlobalSection(SolutionConfigurationPlatforms) = preSolution
		Debug|x64 = Debug|x64
		Release|x64 = Release|x64
		MinSizeRel|x64 = MinSizeRel|x64
		RelWithDebInfo|x64 = RelWithDebInfo|x64
	EndGlobalSection
	GlobalSection(ProjectConfigurationPlatforms) = postSolution
		{6776C8B8-BE8A-358E-B64D-F2E0E90B8F94}.Debug|x64.ActiveCfg = Debug|x64
		{6776C8B8-BE8A-358E-B64D-F2E0E90B8F94}.Release|x64.ActiveCfg = Release|x64
		{6776C8B8-BE8A-358E-B64D-F2E0E90B8F94}.MinSizeRel|x64.ActiveCfg = MinSizeRel|x64
		{6776C8B8-BE8A-358E-B64D-F2E0E90B8F94}.RelWithDebInfo|x64.ActiveCfg = RelWithDebInfo|x64
		{F3A2B26B-BB53-3732-BC99-AC52C937B129}.Debug|x64.ActiveCfg = Debug|x64
		{F3A2B26B-BB53-3732-BC99-AC52C937B129}.Debug|x64.Build.0 = Debug|x64
		{F3A2B26B-BB53-3732-BC99-AC52C937B129}.Release|x64.ActiveCfg = Release|x64
		{F3A2B26B-BB53-3732-BC99-AC52C937B129}.Release|x64.Build.0 = Release|x64
		{F3A2B26B-BB53-3732-BC99-AC52C937B129}.MinSizeRel|x64.ActiveCfg = MinSizeRel|x64
		{F3A2B26B-BB53-3732-BC99-AC52C937B129}.MinSizeRel|x64.Build.0 = MinSizeRel|x64
		{F3A2B26B-BB53-3732-BC99-AC52C937B129}.RelWithDebInfo|x64.ActiveCfg = RelWithDebInfo|x64
		{F3A2B26B-BB53-3732-BC99-AC52C937B129}.RelWithDebInfo|x64.Build.0 = RelWithDebInfo|x64
		{CC7FE191-F3B3-3BB2-AECC-5D967594B3BF}.Debug|x64.ActiveCfg = Debug|x64
		{CC7FE191-F3B3-3BB2-AECC-5D967594B3BF}.Release|x64.ActiveCfg = Release|x64
		{CC7FE191-F3B3-3BB2-AECC-5D967594B3BF}.MinSizeRel|x64.ActiveCfg = MinSizeRel|x64
		{CC7FE191-F3B3-3BB2-AECC-5D967594B3BF}.RelWithDebInfo|x64.ActiveCfg = RelWithDebInfo|x64
		{C3D39FE6-5F69-39F9-8E93-1428D2B68B6E}.Debug|x64.ActiveCfg = Debug|x64
		{C3D39FE6-5F69-39F9-8E93-1428D2B68B6E}.Debug|x64.Build.0 = Debug|x64
		{C3D39FE6-5F69-39F9-8E93-1428D2B68B6E}.Release|x64.ActiveCfg = Release|x64
		{C3D39FE6-5F69-39F9-8E93-1428D2B68B6E}.Release|x64.Build.0 = Release|x64
		{C3D39FE6-5F69-39F9-8E93-1428D2B68B6E}.MinSizeRel|x64.ActiveCfg = MinSizeRel|x64
		{C3D39FE6-5F69-39F9-8E93-1428D2B68B6E}.MinSizeRel|x64.Build.0 = MinSizeRel|x64
		{C3D39FE6-5F69-39F9-8E93-1428D2B68B6E}.RelWithDebInfo|x64.ActiveCfg = RelWithDebInfo|x64
		{C3D39FE6-5F69-39F9-8E93-1428D2B68B6E}.RelWithDebInfo|x64.Build.0 = RelWithDebInfo|x64
		{993BE804-0B85-3E83-A913-BBF7600FB7A0}.Debug|x64.ActiveCfg = Debug|x64
		{993BE804-0B85-3E83-A913-BBF7600FB7A0}.Release|x64.ActiveCfg = Release|x64
		{993BE804-0B85-3E83-A913-BBF7600FB7A0}.MinSizeRel|x64.ActiveCfg = MinSizeRel|x64
		{993BE804-0B85-3E83-A913-BBF7600FB7A0}.RelWithDebInfo|x64.ActiveCfg = RelWithDebInfo|x64
		{66A41234-E606-3630-A79C-33D17F12CCDA}.Debug|x64.ActiveCfg = Debug|x64
		{66A41234-E606-3630-A79C-33D17F12CCDA}.Debug|x64.Build.0 = Debug|x64
		{66A41234-E606-3630-A79C-33D17F12CCDA}.Release|x64.ActiveCfg = Release|x64
		{66A41234-E606-3630-A79C-33D17F12CCDA}.Release|x64.Build.0 = Release|x64
		{66A41234-E606-3630-A79C-33D17F12CCDA}.MinSizeRel|x64.ActiveCfg = MinSizeRel|x64
		{66A41234-E606-3630-A79C-33D17F12CCDA}.MinSizeRel|x64.Build.0 = MinSizeRel|x64
		{66A41234-E606-3630-A79C-33D17F12CCDA}.RelWithDebInfo|x64.ActiveCfg = RelWithDebInfo|x64
		{66A41234-E606-3630-A79C-33D17F12CCDA}.RelWithDebInfo|x64.Build.0 = RelWithDebInfo|x64
		{2C5965D9-696D-32EB-981B-3BE3D5ACD6F6}.Debug|x64.ActiveCfg = Debug|x64
		{2C5965D9-696D-32EB-981B-3BE3D5ACD6F6}.Debug|x64.Build.0 = Debug|x64
		{2C5965D9-696D-32EB-981B-3BE3D5ACD6F6}.Release|x64.ActiveCfg = Release|x64
		{2C5965D9-696D-32EB-981B-3BE3D5ACD6F6}.Release|x64.Build.0 = Release|x64
		{2C5965D9-696D-32EB-981B-3BE3D5ACD6F6}.MinSizeRel|x64.ActiveCfg = MinSizeRel|x64
		{2C5965D9-696D-32EB-981B-3BE3D5ACD6F6}.MinSizeRel|x64.Build.0 = MinSizeRel|x64
		{2C5965D9-696D-32EB-981B-3BE3D5ACD6F6}.RelWithDebInfo|x64.ActiveCfg = RelWithDebInfo|x64
		{2C5965D9-696D-32EB-981B-3BE3D5ACD6F6}.RelWithDebInfo|x64.Build.0 = RelWithDebInfo|x64
		{6F250490-0B61-366F-B059-796241D98942}.Debug|x64.ActiveCfg = Debug|x64
		{6F250490-0B61-366F-B059-796241D98942}.Debug|x64.Build.0 = Debug|x64
		{6F250490-0B61-366F-B059-796241D98942}.Release|x64.ActiveCfg = Release|x64
		{6F250490-0B61-366F-B059-796241D98942}.Release|x64.Build.0 = Release|x64
		{6F250490-0B61-366F-B059-796241D98942}.MinSizeRel|x64.ActiveCfg = MinSizeRel|x64
		{6F250490-0B61-366F-B059-796241D98942}.MinSizeRel|x64.Build.0 = MinSizeRel|x64
		{6F250490-0B61-366F-B059-796241D98942}.RelWithDebInfo|x64.ActiveCfg = RelWithDebInfo|x64
		{6F250490-0B61-366F-B059-796241D98942}.RelWithDebInfo|x64.Build.0 = RelWithDebInfo|x64
		{132CC829-EC43-3F24-962C-51D02DB1CFFD}.Debug|x64.ActiveCfg = Debug|x64
		{132CC829-EC43-3F24-962C-51D02DB1CFFD}.Debug|x64.Build.0 = Debug|x64
		{132CC829-EC43-3F24-962C-51D02DB1CFFD}.Release|x64.ActiveCfg = Release|x64
		{132CC829-EC43-3F24-962C-51D02DB1CFFD}.Release|x64.Build.0 = Release|x64
		{132CC829-EC43-3F24-962C-51D02DB1CFFD}.MinSizeRel|x64.ActiveCfg = MinSizeRel|x64
		{132CC829-EC43-3F24-962C-51D02DB1CFFD}.MinSizeRel|x64.Build.0 = MinSizeRel|x64
		{132CC829-EC43-3F24-962C-51D02DB1CFFD}.RelWithDebInfo|x64.ActiveCfg = RelWithDebInfo|x64
		{132CC829-EC43-3F24-962C-51D02DB1CFFD}.RelWithDebInfo|x64.Build.0 = RelWithDebInfo|x64
		{FFAF2242-7694-3E8C-808C-25862412C4AC}.Debug|x64.ActiveCfg = Debug|x64
		{FFAF2242-7694-3E8C-808C-25862412C4AC}.Debug|x64.Build.0 = Debug|x64
		{FFAF2242-7694-3E8C-808C-25862412C4AC}.Release|x64.ActiveCfg = Release|x64
		{FFAF2242-7694-3E8C-808C-25862412C4AC}.Release|x64.Build.0 = Release|x64
		{FFAF2242-7694-3E8C-808C-25862412C4AC}.MinSizeRel|x64.ActiveCfg = MinSizeRel|x64
		{FFAF2242-7694-3E8C-808C-25862412C4AC}.MinSizeRel|x64.Build.0 = MinSizeRel|x64
		{FFAF2242-7694-3E8C-808C-25862412C4AC}.RelWithDebInfo|x64.ActiveCfg = RelWithDebInfo|x64
		{FFAF2242-7694-3E8C-808C-25862412C4AC}.RelWithDebInfo|x64.Build.0 = RelWithDebInfo|x64
		{4405074F-3304-35E0-AF5B-DF85A054F504}.Debug|x64.ActiveCfg = Debug|x64
		{4405074F-3304-35E0-AF5B-DF85A054F504}.Debug|x64.Build.0 = Debug|x64
		{4405074F-3304-35E0-AF5B-DF85A054F504}.Release|x64.ActiveCfg = Release|x64
		{4405074F-3304-35E0-AF5B-DF85A054F504}.Release|x64.Build.0 = Release|x64
		{4405074F-3304-35E0-AF5B-DF85A054F504}.MinSizeRel|x64.ActiveCfg = MinSizeRel|x64
		{4405074F-3304-35E0-AF5B-DF85A054F504}.MinSizeRel|x64.Build.0 = MinSizeRel|x64
		{4405074F-3304-35E0-AF5B-DF85A054F504}.RelWithDebInfo|x64.ActiveCfg = RelWithDebInfo|x64
		{4405074F-3304-35E0-AF5B-DF85A054F504}.RelWithDebInfo|x64.Build.0 = RelWithDebInfo|x64
	EndGlobalSection
	GlobalSection(ExtensibilityGlobals) = postSolution
		SolutionGuid = {CADC0C72-AA09-3597-8FCE-D9BF4F251C04}
	EndGlobalSection
	GlobalSection(ExtensibilityAddIns) = postSolution
	EndGlobalSection
EndGlobal
